
Microsoft Visual Studio Solution File, Format Version 12.00
# Visual Studio 15
VisualStudioVersion = 15.0.26730.10
MinimumVisualStudioVersion = 10.0.40219.1
Project("{FAE04EC0-301F-11D3-BF4B-00C04F79EFBC}") = "JoystickApp", "JoystickApp.csproj", "{93DAB3C7-0E86-43F8-92D0-7E80E2CC058F}"
EndProject
Global
	GlobalSection(SolutionConfigurationPlatforms) = preSolution
		Debug|Any CPU = Debug|Any CPU
		Release|Any CPU = Release|Any CPU
	EndGlobalSection
	GlobalSection(ProjectConfigurationPlatforms) = postSolution
		{93DAB3C7-0E86-43F8-92D0-7E80E2CC058F}.Debug|Any CPU.ActiveCfg = Debug|Any CPU
		{93DAB3C7-0E86-43F8-92D0-7E80E2CC058F}.Debug|Any CPU.Build.0 = Debug|Any CPU
		{93DAB3C7-0E86-43F8-92D0-7E80E2CC058F}.Release|Any CPU.ActiveCfg = Release|Any CPU
		{93DAB3C7-0E86-43F8-92D0-7E80E2CC058F}.Release|Any CPU.Build.0 = Release|Any CPU
	EndGlobalSection
	GlobalSection(SolutionProperties) = preSolution
		HideSolutionNode = FALSE
	EndGlobalSection
	GlobalSection(ExtensibilityGlobals) = postSolution
		SolutionGuid = {7BC1B1DD-D3C7-4DA1-BD6D-73EC57A6C253}
	EndGlobalSection
EndGlobal
